
Microsoft Visual Studio Solution File, Format Version 12.00
# Visual Studio Version 17
VisualStudioVersion = 17.5.33516.290
MinimumVisualStudioVersion = 10.0.40219.1
Project("{FAE04EC0-301F-11D3-BF4B-00C04F79EFBC}") = "mmGameMidi", "mmGameMidi\mmGameMidi.csproj", "{2164FAFA-AC2C-4E36-AEF3-8B62E910FE97}"
EndProject
Global
	GlobalSection(SolutionConfigurationPlatforms) = preSolution
		Debug|Any CPU = Debug|Any CPU
		Release|Any CPU = Release|Any CPU
	EndGlobalSection
	GlobalSection(ProjectConfigurationPlatforms) = postSolution
		{2164FAFA-AC2C-4E36-AEF3-8B62E910FE97}.Debug|Any CPU.ActiveCfg = Debug|Any CPU
		{2164FAFA-AC2C-4E36-AEF3-8B62E910FE97}.Debug|Any CPU.Build.0 = Debug|Any CPU
		{2164FAFA-AC2C-4E36-AEF3-8B62E910FE97}.Release|Any CPU.ActiveCfg = Release|Any CPU
		{2164FAFA-AC2C-4E36-AEF3-8B62E910FE97}.Release|Any CPU.Build.0 = Release|Any CPU
	EndGlobalSection
	GlobalSection(SolutionProperties) = preSolution
		HideSolutionNode = FALSE
	EndGlobalSection
	GlobalSection(ExtensibilityGlobals) = postSolution
		SolutionGuid = {A8DE75C4-6F6D-4900-9E32-49E6B9952774}
	EndGlobalSection
EndGlobal
